{
    "version": 3,
    "terraform_version": "0.11.7",
    "serial": 2,
    "lineage": "b2f10e2c-49af-8105-7cb6-09bbd4ffab4f",
    "modules": [
        {
            "path": [
                "root"
            ],
            "outputs": {},
            "resources": {
                "digitalocean_droplet.node1": {
                    "type": "digitalocean_droplet",
                    "depends_on": [],
                    "primary": {
                        "id": "95013525",
                        "attributes": {
                            "disk": "20",
                            "id": "95013525",
                            "image": "ubuntu-16-04-x64",
                            "ipv4_address": "159.89.228.165",
                            "locked": "false",
                            "name": "node1",
                            "price_hourly": "0.00744",
                            "price_monthly": "5",
                            "region": "nyc1",
                            "resize_disk": "true",
                            "size": "512mb",
                            "status": "active",
                            "tags.#": "0",
                            "vcpus": "1"
                        },
                        "meta": {},
                        "tainted": false
                    },
                    "deposed": [],
                    "provider": "provider.digitalocean"
                }
            },
            "depends_on": []
        }
    ]
}
